
Microsoft Visual Studio Solution File, Format Version 12.00
Project("{FAE04EC0-301F-11D3-BF4B-00C04F79EFBC}") = "SimpleCqrs", "SimpleCqrs\SimpleCqrs.csproj", "{93622AD1-9164-4B18-9AC2-52C960BA6007}"
EndProject
Global
	GlobalSection(SolutionConfigurationPlatforms) = preSolution
		Debug|Any CPU = Debug|Any CPU
		Release|Any CPU = Release|Any CPU
	EndGlobalSection
	GlobalSection(ProjectConfigurationPlatforms) = postSolution
		{93622AD1-9164-4B18-9AC2-52C960BA6007}.Debug|Any CPU.ActiveCfg = Debug|Any CPU
		{93622AD1-9164-4B18-9AC2-52C960BA6007}.Debug|Any CPU.Build.0 = Debug|Any CPU
		{93622AD1-9164-4B18-9AC2-52C960BA6007}.Release|Any CPU.ActiveCfg = Release|Any CPU
		{93622AD1-9164-4B18-9AC2-52C960BA6007}.Release|Any CPU.Build.0 = Release|Any CPU
	EndGlobalSection
EndGlobal
